// !$*UTF8*$!
{
	archiveVersion = 1;
	classes = {
	};
	objectVersion = 52;
	objects = {

/* Begin PBXBuildFile section */
		0704B0EC2365060D00C23CFA /* AppDelegate.swift in Sources */ = {isa = PBXBuildFile; fileRef = 0704B0EB2365060D00C23CFA /* AppDelegate.swift */; };
		0704B0EE2365060D00C23CFA /* SceneDelegate.swift in Sources */ = {isa = PBXBuildFile; fileRef = 0704B0ED2365060D00C23CFA /* SceneDelegate.swift */; };
		0704B0F22365061000C23CFA /* Assets.xcassets in Resources */ = {isa = PBXBuildFile; fileRef = 0704B0F12365061000C23CFA /* Assets.xcassets */; };
		0704B0F52365061000C23CFA /* Preview Assets.xcassets in Resources */ = {isa = PBXBuildFile; fileRef = 0704B0F42365061000C23CFA /* Preview Assets.xcassets */; };
		0704B1032365061000C23CFA /* WhatTheFoxSayTests.swift in Sources */ = {isa = PBXBuildFile; fileRef = 0704B1022365061000C23CFA /* WhatTheFoxSayTests.swift */; };
		0704B10E2365061000C23CFA /* WhatTheFoxSayUITests.swift in Sources */ = {isa = PBXBuildFile; fileRef = 0704B10D2365061000C23CFA /* WhatTheFoxSayUITests.swift */; };
		0704B11D2365073800C23CFA /* AnimalList.swift in Sources */ = {isa = PBXBuildFile; fileRef = 0704B11C2365073800C23CFA /* AnimalList.swift */; };
		0704B1202365084B00C23CFA /* Animals.json in Resources */ = {isa = PBXBuildFile; fileRef = 0704B11F2365084B00C23CFA /* Animals.json */; };
		0704B126236509C600C23CFA /* AnimalsService.swift in Sources */ = {isa = PBXBuildFile; fileRef = 0704B125236509C600C23CFA /* AnimalsService.swift */; };
		0704B12923650A4D00C23CFA /* SwiftyJSON in Frameworks */ = {isa = PBXBuildFile; productRef = 0704B12823650A4D00C23CFA /* SwiftyJSON */; };
		0704B12C23650AB700C23CFA /* DataError.swift in Sources */ = {isa = PBXBuildFile; fileRef = 0704B12B23650AB700C23CFA /* DataError.swift */; };
		0704B13023650B9500C23CFA /* Animal.swift in Sources */ = {isa = PBXBuildFile; fileRef = 0704B12F23650B9500C23CFA /* Animal.swift */; };
		0704B15823663C5F00C23CFA /* CodeData.xcdatamodeld in Sources */ = {isa = PBXBuildFile; fileRef = 0704B15623663C5F00C23CFA /* CodeData.xcdatamodeld */; };
		07C6903B236A118700DD3D6E /* LazyView.swift in Sources */ = {isa = PBXBuildFile; fileRef = 07C6903A236A118700DD3D6E /* LazyView.swift */; };
		07EB298D2367C25700DF5358 /* ImageLoaderService.swift in Sources */ = {isa = PBXBuildFile; fileRef = 07EB298C2367C25700DF5358 /* ImageLoaderService.swift */; };
		07EB298F2367D23C00DF5358 /* AnimalAvatar.swift in Sources */ = {isa = PBXBuildFile; fileRef = 07EB298E2367D23C00DF5358 /* AnimalAvatar.swift */; };
		07EB29912367D32900DF5358 /* AnimalView.swift in Sources */ = {isa = PBXBuildFile; fileRef = 07EB29902367D32900DF5358 /* AnimalView.swift */; };
/* End PBXBuildFile section */

/* Begin PBXContainerItemProxy section */
		0704B0FF2365061000C23CFA /* PBXContainerItemProxy */ = {
			isa = PBXContainerItemProxy;
			containerPortal = 0704B0E02365060D00C23CFA /* Project object */;
			proxyType = 1;
			remoteGlobalIDString = 0704B0E72365060D00C23CFA;
			remoteInfo = WhatTheFoxSay;
		};
		0704B10A2365061000C23CFA /* PBXContainerItemProxy */ = {
			isa = PBXContainerItemProxy;
			containerPortal = 0704B0E02365060D00C23CFA /* Project object */;
			proxyType = 1;
			remoteGlobalIDString = 0704B0E72365060D00C23CFA;
			remoteInfo = WhatTheFoxSay;
		};
/* End PBXContainerItemProxy section */

/* Begin PBXFileReference section */
		0704B0E82365060D00C23CFA /* WhatTheFoxSay.app */ = {isa = PBXFileReference; explicitFileType = wrapper.application; includeInIndex = 0; path = WhatTheFoxSay.app; sourceTree = BUILT_PRODUCTS_DIR; };
		0704B0EB2365060D00C23CFA /* AppDelegate.swift */ = {isa = PBXFileReference; lastKnownFileType = sourcecode.swift; name = AppDelegate.swift; path = ../WhatTheFoxSay/AppDelegate.swift; sourceTree = "<group>"; };
		0704B0ED2365060D00C23CFA /* SceneDelegate.swift */ = {isa = PBXFileReference; lastKnownFileType = sourcecode.swift; name = SceneDelegate.swift; path = ../WhatTheFoxSay/SceneDelegate.swift; sourceTree = "<group>"; };
		0704B0F12365061000C23CFA /* Assets.xcassets */ = {isa = PBXFileReference; lastKnownFileType = folder.assetcatalog; name = Assets.xcassets; path = ../WhatTheFoxSay/Assets.xcassets; sourceTree = "<group>"; };
		0704B0F42365061000C23CFA /* Preview Assets.xcassets */ = {isa = PBXFileReference; lastKnownFileType = folder.assetcatalog; path = "Preview Assets.xcassets"; sourceTree = "<group>"; };
		0704B0F92365061000C23CFA /* Info.plist */ = {isa = PBXFileReference; lastKnownFileType = text.plist; name = Info.plist; path = ../WhatTheFoxSay/Info.plist; sourceTree = "<group>"; };
		0704B0FE2365061000C23CFA /* WhatTheFoxSayTests.xctest */ = {isa = PBXFileReference; explicitFileType = wrapper.cfbundle; includeInIndex = 0; path = WhatTheFoxSayTests.xctest; sourceTree = BUILT_PRODUCTS_DIR; };
		0704B1022365061000C23CFA /* WhatTheFoxSayTests.swift */ = {isa = PBXFileReference; lastKnownFileType = sourcecode.swift; path = WhatTheFoxSayTests.swift; sourceTree = "<group>"; };
		0704B1042365061000C23CFA /* Info.plist */ = {isa = PBXFileReference; lastKnownFileType = text.plist.xml; path = Info.plist; sourceTree = "<group>"; };
		0704B1092365061000C23CFA /* WhatTheFoxSayUITests.xctest */ = {isa = PBXFileReference; explicitFileType = wrapper.cfbundle; includeInIndex = 0; path = WhatTheFoxSayUITests.xctest; sourceTree = BUILT_PRODUCTS_DIR; };
		0704B10D2365061000C23CFA /* WhatTheFoxSayUITests.swift */ = {isa = PBXFileReference; lastKnownFileType = sourcecode.swift; path = WhatTheFoxSayUITests.swift; sourceTree = "<group>"; };
		0704B10F2365061000C23CFA /* Info.plist */ = {isa = PBXFileReference; lastKnownFileType = text.plist.xml; path = Info.plist; sourceTree = "<group>"; };
		0704B11C2365073800C23CFA /* AnimalList.swift */ = {isa = PBXFileReference; lastKnownFileType = sourcecode.swift; path = AnimalList.swift; sourceTree = "<group>"; };
		0704B11F2365084B00C23CFA /* Animals.json */ = {isa = PBXFileReference; explicitFileType = text.json; path = Animals.json; sourceTree = "<group>"; };
		0704B125236509C600C23CFA /* AnimalsService.swift */ = {isa = PBXFileReference; lastKnownFileType = sourcecode.swift; path = AnimalsService.swift; sourceTree = "<group>"; };
		0704B12B23650AB700C23CFA /* DataError.swift */ = {isa = PBXFileReference; lastKnownFileType = sourcecode.swift; path = DataError.swift; sourceTree = "<group>"; };
		0704B12F23650B9500C23CFA /* Animal.swift */ = {isa = PBXFileReference; lastKnownFileType = sourcecode.swift; path = Animal.swift; sourceTree = "<group>"; };
		0704B15723663C5F00C23CFA /* CodeData.xcdatamodel */ = {isa = PBXFileReference; lastKnownFileType = wrapper.xcdatamodel; path = CodeData.xcdatamodel; sourceTree = "<group>"; };
		07C6903A236A118700DD3D6E /* LazyView.swift */ = {isa = PBXFileReference; lastKnownFileType = sourcecode.swift; path = LazyView.swift; sourceTree = "<group>"; };
		07EB298C2367C25700DF5358 /* ImageLoaderService.swift */ = {isa = PBXFileReference; lastKnownFileType = sourcecode.swift; path = ImageLoaderService.swift; sourceTree = "<group>"; };
		07EB298E2367D23C00DF5358 /* AnimalAvatar.swift */ = {isa = PBXFileReference; lastKnownFileType = sourcecode.swift; path = AnimalAvatar.swift; sourceTree = "<group>"; };
		07EB29902367D32900DF5358 /* AnimalView.swift */ = {isa = PBXFileReference; lastKnownFileType = sourcecode.swift; path = AnimalView.swift; sourceTree = "<group>"; };
/* End PBXFileReference section */

/* Begin PBXFrameworksBuildPhase section */
		0704B0E52365060D00C23CFA /* Frameworks */ = {
			isa = PBXFrameworksBuildPhase;
			buildActionMask = 2147483647;
			files = (
				0704B12923650A4D00C23CFA /* SwiftyJSON in Frameworks */,
			);
			runOnlyForDeploymentPostprocessing = 0;
		};
		0704B0FB2365061000C23CFA /* Frameworks */ = {
			isa = PBXFrameworksBuildPhase;
			buildActionMask = 2147483647;
			files = (
			);
			runOnlyForDeploymentPostprocessing = 0;
		};
		0704B1062365061000C23CFA /* Frameworks */ = {
			isa = PBXFrameworksBuildPhase;
			buildActionMask = 2147483647;
			files = (
			);
			runOnlyForDeploymentPostprocessing = 0;
		};
/* End PBXFrameworksBuildPhase section */

/* Begin PBXGroup section */
		0704B0DF2365060D00C23CFA = {
			isa = PBXGroup;
			children = (
				07162A8D236B99FD009225EC /* WhatTheFoxSay */,
				0704B1012365061000C23CFA /* WhatTheFoxSayTests */,
				0704B10C2365061000C23CFA /* WhatTheFoxSayUITests */,
				0704B0E92365060D00C23CFA /* Products */,
			);
			sourceTree = "<group>";
		};
		0704B0E92365060D00C23CFA /* Products */ = {
			isa = PBXGroup;
			children = (
				0704B0E82365060D00C23CFA /* WhatTheFoxSay.app */,
				0704B0FE2365061000C23CFA /* WhatTheFoxSayTests.xctest */,
				0704B1092365061000C23CFA /* WhatTheFoxSayUITests.xctest */,
			);
			name = Products;
			sourceTree = "<group>";
		};
		0704B0F32365061000C23CFA /* Preview Content */ = {
			isa = PBXGroup;
			children = (
				0704B0F42365061000C23CFA /* Preview Assets.xcassets */,
			);
			name = "Preview Content";
			path = "../WhatTheFoxSay/Preview Content";
			sourceTree = "<group>";
		};
		0704B1012365061000C23CFA /* WhatTheFoxSayTests */ = {
			isa = PBXGroup;
			children = (
				0704B1022365061000C23CFA /* WhatTheFoxSayTests.swift */,
				0704B1042365061000C23CFA /* Info.plist */,
			);
			path = WhatTheFoxSayTests;
			sourceTree = "<group>";
		};
		0704B10C2365061000C23CFA /* WhatTheFoxSayUITests */ = {
			isa = PBXGroup;
			children = (
				0704B10D2365061000C23CFA /* WhatTheFoxSayUITests.swift */,
				0704B10F2365061000C23CFA /* Info.plist */,
			);
			path = WhatTheFoxSayUITests;
			sourceTree = "<group>";
		};
		0704B11B236506DB00C23CFA /* ViewControllers */ = {
			isa = PBXGroup;
			children = (
				0704B11C2365073800C23CFA /* AnimalList.swift */,
				07EB298E2367D23C00DF5358 /* AnimalAvatar.swift */,
				07EB29902367D32900DF5358 /* AnimalView.swift */,
				07C6903A236A118700DD3D6E /* LazyView.swift */,
			);
			name = ViewControllers;
			path = ../WhatTheFoxSay/ViewControllers;
			sourceTree = "<group>";
		};
		0704B11E2365083500C23CFA /* DataMocks */ = {
			isa = PBXGroup;
			children = (
				0704B11F2365084B00C23CFA /* Animals.json */,
			);
			name = DataMocks;
			path = ../WhatTheFoxSay/DataMocks;
			sourceTree = "<group>";
		};
		0704B1232365099C00C23CFA /* Services */ = {
			isa = PBXGroup;
			children = (
				0704B125236509C600C23CFA /* AnimalsService.swift */,
				07EB298C2367C25700DF5358 /* ImageLoaderService.swift */,
			);
			name = Services;
			path = ../WhatTheFoxSay/Services;
			sourceTree = "<group>";
		};
		0704B12A23650A8C00C23CFA /* Errors */ = {
			isa = PBXGroup;
			children = (
				0704B12B23650AB700C23CFA /* DataError.swift */,
			);
			name = Errors;
			path = ../WhatTheFoxSay/Errors;
			sourceTree = "<group>";
		};
		0704B12D23650B7700C23CFA /* Models */ = {
			isa = PBXGroup;
			children = (
				0704B12F23650B9500C23CFA /* Animal.swift */,
			);
			name = Models;
			path = ../WhatTheFoxSay/Models;
			sourceTree = "<group>";
		};
		0704B15523663C4700C23CFA /* CoreData */ = {
			isa = PBXGroup;
			children = (
				0704B15623663C5F00C23CFA /* CodeData.xcdatamodeld */,
			);
			name = CoreData;
			path = ../WhatTheFoxSay/CoreData;
			sourceTree = "<group>";
		};
		07162A8D236B99FD009225EC /* WhatTheFoxSay */ = {
			isa = PBXGroup;
			children = (
				0704B15523663C4700C23CFA /* CoreData */,
				0704B12D23650B7700C23CFA /* Models */,
				0704B12A23650A8C00C23CFA /* Errors */,
				0704B1232365099C00C23CFA /* Services */,
				0704B11E2365083500C23CFA /* DataMocks */,
				0704B11B236506DB00C23CFA /* ViewControllers */,
				0704B0EB2365060D00C23CFA /* AppDelegate.swift */,
				0704B0ED2365060D00C23CFA /* SceneDelegate.swift */,
				0704B0F12365061000C23CFA /* Assets.xcassets */,
				0704B0F92365061000C23CFA /* Info.plist */,
				0704B0F32365061000C23CFA /* Preview Content */,
			);
			path = WhatTheFoxSay;
			sourceTree = "<group>";
		};
/* End PBXGroup section */

/* Begin PBXNativeTarget section */
		0704B0E72365060D00C23CFA /* WhatTheFoxSay */ = {
			isa = PBXNativeTarget;
			buildConfigurationList = 0704B1122365061000C23CFA /* Build configuration list for PBXNativeTarget "WhatTheFoxSay" */;
			buildPhases = (
				0704B0E42365060D00C23CFA /* Sources */,
				0704B0E52365060D00C23CFA /* Frameworks */,
				0704B0E62365060D00C23CFA /* Resources */,
			);
			buildRules = (
			);
			dependencies = (
			);
			name = WhatTheFoxSay;
			packageProductDependencies = (
				0704B12823650A4D00C23CFA /* SwiftyJSON */,
			);
			productName = WhatTheFoxSay;
			productReference = 0704B0E82365060D00C23CFA /* WhatTheFoxSay.app */;
			productType = "com.apple.product-type.application";
		};
		0704B0FD2365061000C23CFA /* WhatTheFoxSayTests */ = {
			isa = PBXNativeTarget;
			buildConfigurationList = 0704B1152365061000C23CFA /* Build configuration list for PBXNativeTarget "WhatTheFoxSayTests" */;
			buildPhases = (
				0704B0FA2365061000C23CFA /* Sources */,
				0704B0FB2365061000C23CFA /* Frameworks */,
				0704B0FC2365061000C23CFA /* Resources */,
			);
			buildRules = (
			);
			dependencies = (
				0704B1002365061000C23CFA /* PBXTargetDependency */,
			);
			name = WhatTheFoxSayTests;
			productName = WhatTheFoxSayTests;
			productReference = 0704B0FE2365061000C23CFA /* WhatTheFoxSayTests.xctest */;
			productType = "com.apple.product-type.bundle.unit-test";
		};
		0704B1082365061000C23CFA /* WhatTheFoxSayUITests */ = {
			isa = PBXNativeTarget;
			buildConfigurationList = 0704B1182365061000C23CFA /* Build configuration list for PBXNativeTarget "WhatTheFoxSayUITests" */;
			buildPhases = (
				0704B1052365061000C23CFA /* Sources */,
				0704B1062365061000C23CFA /* Frameworks */,
				0704B1072365061000C23CFA /* Resources */,
			);
			buildRules = (
			);
			dependencies = (
				0704B10B2365061000C23CFA /* PBXTargetDependency */,
			);
			name = WhatTheFoxSayUITests;
			productName = WhatTheFoxSayUITests;
			productReference = 0704B1092365061000C23CFA /* WhatTheFoxSayUITests.xctest */;
			productType = "com.apple.product-type.bundle.ui-testing";
		};
/* End PBXNativeTarget section */

/* Begin PBXProject section */
		0704B0E02365060D00C23CFA /* Project object */ = {
			isa = PBXProject;
			attributes = {
				LastSwiftUpdateCheck = 1110;
				LastUpgradeCheck = 1110;
				ORGANIZATIONNAME = "Stasiuk Yaroslav";
				TargetAttributes = {
					0704B0E72365060D00C23CFA = {
						CreatedOnToolsVersion = 11.1;
					};
					0704B0FD2365061000C23CFA = {
						CreatedOnToolsVersion = 11.1;
						TestTargetID = 0704B0E72365060D00C23CFA;
					};
					0704B1082365061000C23CFA = {
						CreatedOnToolsVersion = 11.1;
						TestTargetID = 0704B0E72365060D00C23CFA;
					};
				};
			};
			buildConfigurationList = 0704B0E32365060D00C23CFA /* Build configuration list for PBXProject "WhatTheFoxSay" */;
			compatibilityVersion = "Xcode 9.3";
			developmentRegion = en;
			hasScannedForEncodings = 0;
			knownRegions = (
				en,
				Base,
			);
			mainGroup = 0704B0DF2365060D00C23CFA;
			packageReferences = (
				0704B12723650A4D00C23CFA /* XCRemoteSwiftPackageReference "SwiftyJSON" */,
			);
			productRefGroup = 0704B0E92365060D00C23CFA /* Products */;
			projectDirPath = "";
			projectRoot = "";
			targets = (
				0704B0E72365060D00C23CFA /* WhatTheFoxSay */,
				0704B0FD2365061000C23CFA /* WhatTheFoxSayTests */,
				0704B1082365061000C23CFA /* WhatTheFoxSayUITests */,
			);
		};
/* End PBXProject section */

/* Begin PBXResourcesBuildPhase section */
		0704B0E62365060D00C23CFA /* Resources */ = {
			isa = PBXResourcesBuildPhase;
			buildActionMask = 2147483647;
			files = (
				0704B1202365084B00C23CFA /* Animals.json in Resources */,
				0704B0F52365061000C23CFA /* Preview Assets.xcassets in Resources */,
				0704B0F22365061000C23CFA /* Assets.xcassets in Resources */,
			);
			runOnlyForDeploymentPostprocessing = 0;
		};
		0704B0FC2365061000C23CFA /* Resources */ = {
			isa = PBXResourcesBuildPhase;
			buildActionMask = 2147483647;
			files = (
			);
			runOnlyForDeploymentPostprocessing = 0;
		};
		0704B1072365061000C23CFA /* Resources */ = {
			isa = PBXResourcesBuildPhase;
			buildActionMask = 2147483647;
			files = (
			);
			runOnlyForDeploymentPostprocessing = 0;
		};
/* End PBXResourcesBuildPhase section */

/* Begin PBXSourcesBuildPhase section */
		0704B0E42365060D00C23CFA /* Sources */ = {
			isa = PBXSourcesBuildPhase;
			buildActionMask = 2147483647;
			files = (
				07EB29912367D32900DF5358 /* AnimalView.swift in Sources */,
				07EB298D2367C25700DF5358 /* ImageLoaderService.swift in Sources */,
				0704B12C23650AB700C23CFA /* DataError.swift in Sources */,
				0704B0EC2365060D00C23CFA /* AppDelegate.swift in Sources */,
				0704B15823663C5F00C23CFA /* CodeData.xcdatamodeld in Sources */,
				0704B11D2365073800C23CFA /* AnimalList.swift in Sources */,
				0704B126236509C600C23CFA /* AnimalsService.swift in Sources */,
				07C6903B236A118700DD3D6E /* LazyView.swift in Sources */,
				0704B13023650B9500C23CFA /* Animal.swift in Sources */,
				07EB298F2367D23C00DF5358 /* AnimalAvatar.swift in Sources */,
				0704B0EE2365060D00C23CFA /* SceneDelegate.swift in Sources */,
			);
			runOnlyForDeploymentPostprocessing = 0;
		};
		0704B0FA2365061000C23CFA /* Sources */ = {
			isa = PBXSourcesBuildPhase;
			buildActionMask = 2147483647;
			files = (
				0704B1032365061000C23CFA /* WhatTheFoxSayTests.swift in Sources */,
			);
			runOnlyForDeploymentPostprocessing = 0;
		};
		0704B1052365061000C23CFA /* Sources */ = {
			isa = PBXSourcesBuildPhase;
			buildActionMask = 2147483647;
			files = (
				0704B10E2365061000C23CFA /* WhatTheFoxSayUITests.swift in Sources */,
			);
			runOnlyForDeploymentPostprocessing = 0;
		};
/* End PBXSourcesBuildPhase section */

/* Begin PBXTargetDependency section */
		0704B1002365061000C23CFA /* PBXTargetDependency */ = {
			isa = PBXTargetDependency;
			target = 0704B0E72365060D00C23CFA /* WhatTheFoxSay */;
			targetProxy = 0704B0FF2365061000C23CFA /* PBXContainerItemProxy */;
		};
		0704B10B2365061000C23CFA /* PBXTargetDependency */ = {
			isa = PBXTargetDependency;
			target = 0704B0E72365060D00C23CFA /* WhatTheFoxSay */;
			targetProxy = 0704B10A2365061000C23CFA /* PBXContainerItemProxy */;
		};
/* End PBXTargetDependency section */

/* Begin XCBuildConfiguration section */
		0704B1102365061000C23CFA /* Debug */ = {
			isa = XCBuildConfiguration;
			buildSettings = {
				ALWAYS_SEARCH_USER_PATHS = NO;
				CLANG_ANALYZER_NONNULL = YES;
				CLANG_ANALYZER_NUMBER_OBJECT_CONVERSION = YES_AGGRESSIVE;
				CLANG_CXX_LANGUAGE_STANDARD = "gnu++14";
				CLANG_CXX_LIBRARY = "libc++";
				CLANG_ENABLE_MODULES = YES;
				CLANG_ENABLE_OBJC_ARC = YES;
				CLANG_ENABLE_OBJC_WEAK = YES;
				CLANG_WARN_BLOCK_CAPTURE_AUTORELEASING = YES;
				CLANG_WARN_BOOL_CONVERSION = YES;
				CLANG_WARN_COMMA = YES;
				CLANG_WARN_CONSTANT_CONVERSION = YES;
				CLANG_WARN_DEPRECATED_OBJC_IMPLEMENTATIONS = YES;
				CLANG_WARN_DIRECT_OBJC_ISA_USAGE = YES_ERROR;
				CLANG_WARN_DOCUMENTATION_COMMENTS = YES;
				CLANG_WARN_EMPTY_BODY = YES;
				CLANG_WARN_ENUM_CONVERSION = YES;
				CLANG_WARN_INFINITE_RECURSION = YES;
				CLANG_WARN_INT_CONVERSION = YES;
				CLANG_WARN_NON_LITERAL_NULL_CONVERSION = YES;
				CLANG_WARN_OBJC_IMPLICIT_RETAIN_SELF = YES;
				CLANG_WARN_OBJC_LITERAL_CONVERSION = YES;
				CLANG_WARN_OBJC_ROOT_CLASS = YES_ERROR;
				CLANG_WARN_RANGE_LOOP_ANALYSIS = YES;
				CLANG_WARN_STRICT_PROTOTYPES = YES;
				CLANG_WARN_SUSPICIOUS_MOVE = YES;
				CLANG_WARN_UNGUARDED_AVAILABILITY = YES_AGGRESSIVE;
				CLANG_WARN_UNREACHABLE_CODE = YES;
				CLANG_WARN__DUPLICATE_METHOD_MATCH = YES;
				COPY_PHASE_STRIP = NO;
				DEBUG_INFORMATION_FORMAT = dwarf;
				ENABLE_STRICT_OBJC_MSGSEND = YES;
				ENABLE_TESTABILITY = YES;
				GCC_C_LANGUAGE_STANDARD = gnu11;
				GCC_DYNAMIC_NO_PIC = NO;
				GCC_NO_COMMON_BLOCKS = YES;
				GCC_OPTIMIZATION_LEVEL = 0;
				GCC_PREPROCESSOR_DEFINITIONS = (
					"DEBUG=1",
					"$(inherited)",
				);
				GCC_WARN_64_TO_32_BIT_CONVERSION = YES;
				GCC_WARN_ABOUT_RETURN_TYPE = YES_ERROR;
				GCC_WARN_UNDECLARED_SELECTOR = YES;
				GCC_WARN_UNINITIALIZED_AUTOS = YES_AGGRESSIVE;
				GCC_WARN_UNUSED_FUNCTION = YES;
				GCC_WARN_UNUSED_VARIABLE = YES;
				IPHONEOS_DEPLOYMENT_TARGET = 13.1;
				MTL_ENABLE_DEBUG_INFO = INCLUDE_SOURCE;
				MTL_FAST_MATH = YES;
				ONLY_ACTIVE_ARCH = YES;
				SDKROOT = iphoneos;
				SWIFT_ACTIVE_COMPILATION_CONDITIONS = DEBUG;
				SWIFT_OPTIMIZATION_LEVEL = "-Onone";
			};
			name = Debug;
		};
		0704B1112365061000C23CFA /* Release */ = {
			isa = XCBuildConfiguration;
			buildSettings = {
				ALWAYS_SEARCH_USER_PATHS = NO;
				CLANG_ANALYZER_NONNULL = YES;
				CLANG_ANALYZER_NUMBER_OBJECT_CONVERSION = YES_AGGRESSIVE;
				CLANG_CXX_LANGUAGE_STANDARD = "gnu++14";
				CLANG_CXX_LIBRARY = "libc++";
				CLANG_ENABLE_MODULES = YES;
				CLANG_ENABLE_OBJC_ARC = YES;
				CLANG_ENABLE_OBJC_WEAK = YES;
				CLANG_WARN_BLOCK_CAPTURE_AUTORELEASING = YES;
				CLANG_WARN_BOOL_CONVERSION = YES;
				CLANG_WARN_COMMA = YES;
				CLANG_WARN_CONSTANT_CONVERSION = YES;
				CLANG_WARN_DEPRECATED_OBJC_IMPLEMENTATIONS = YES;
				CLANG_WARN_DIRECT_OBJC_ISA_USAGE = YES_ERROR;
				CLANG_WARN_DOCUMENTATION_COMMENTS = YES;
				CLANG_WARN_EMPTY_BODY = YES;
				CLANG_WARN_ENUM_CONVERSION = YES;
				CLANG_WARN_INFINITE_RECURSION = YES;
				CLANG_WARN_INT_CONVERSION = YES;
				CLANG_WARN_NON_LITERAL_NULL_CONVERSION = YES;
				CLANG_WARN_OBJC_IMPLICIT_RETAIN_SELF = YES;
				CLANG_WARN_OBJC_LITERAL_CONVERSION = YES;
				CLANG_WARN_OBJC_ROOT_CLASS = YES_ERROR;
				CLANG_WARN_RANGE_LOOP_ANALYSIS = YES;
				CLANG_WARN_STRICT_PROTOTYPES = YES;
				CLANG_WARN_SUSPICIOUS_MOVE = YES;
				CLANG_WARN_UNGUARDED_AVAILABILITY = YES_AGGRESSIVE;
				CLANG_WARN_UNREACHABLE_CODE = YES;
				CLANG_WARN__DUPLICATE_METHOD_MATCH = YES;
				COPY_PHASE_STRIP = NO;
				DEBUG_INFORMATION_FORMAT = "dwarf-with-dsym";
				ENABLE_NS_ASSERTIONS = NO;
				ENABLE_STRICT_OBJC_MSGSEND = YES;
				GCC_C_LANGUAGE_STANDARD = gnu11;
				GCC_NO_COMMON_BLOCKS = YES;
				GCC_WARN_64_TO_32_BIT_CONVERSION = YES;
				GCC_WARN_ABOUT_RETURN_TYPE = YES_ERROR;
				GCC_WARN_UNDECLARED_SELECTOR = YES;
				GCC_WARN_UNINITIALIZED_AUTOS = YES_AGGRESSIVE;
				GCC_WARN_UNUSED_FUNCTION = YES;
				GCC_WARN_UNUSED_VARIABLE = YES;
				IPHONEOS_DEPLOYMENT_TARGET = 13.1;
				MTL_ENABLE_DEBUG_INFO = NO;
				MTL_FAST_MATH = YES;
				SDKROOT = iphoneos;
				SWIFT_COMPILATION_MODE = wholemodule;
				SWIFT_OPTIMIZATION_LEVEL = "-O";
				VALIDATE_PRODUCT = YES;
			};
			name = Release;
		};
		0704B1132365061000C23CFA /* Debug */ = {
			isa = XCBuildConfiguration;
			buildSettings = {
				ASSETCATALOG_COMPILER_APPICON_NAME = AppIcon;
				CODE_SIGN_STYLE = Automatic;
				DEVELOPMENT_ASSET_PATHS = "\"WhatTheFoxSay/Preview Content\"";
				DEVELOPMENT_TEAM = 2CQZ45FYJP;
				ENABLE_PREVIEWS = YES;
				INFOPLIST_FILE = WhatTheFoxSay/Info.plist;
				LD_RUNPATH_SEARCH_PATHS = (
					"$(inherited)",
					"@executable_path/Frameworks",
				);
				PRODUCT_BUNDLE_IDENTIFIER = yastasiuk.WhatTheFoxSay;
				PRODUCT_NAME = WhatTheFoxSay;
				SWIFT_VERSION = 5.0;
				TARGETED_DEVICE_FAMILY = "1,2";
			};
			name = Debug;
		};
		0704B1142365061000C23CFA /* Release */ = {
			isa = XCBuildConfiguration;
			buildSettings = {
				ASSETCATALOG_COMPILER_APPICON_NAME = AppIcon;
				CODE_SIGN_STYLE = Automatic;
				DEVELOPMENT_ASSET_PATHS = "\"WhatTheFoxSay/Preview Content\"";
				DEVELOPMENT_TEAM = 2CQZ45FYJP;
				ENABLE_PREVIEWS = YES;
				INFOPLIST_FILE = WhatTheFoxSay/Info.plist;
				LD_RUNPATH_SEARCH_PATHS = (
					"$(inherited)",
					"@executable_path/Frameworks",
				);
				PRODUCT_BUNDLE_IDENTIFIER = yastasiuk.WhatTheFoxSay;
				PRODUCT_NAME = WhatTheFoxSay;
				SWIFT_VERSION = 5.0;
				TARGETED_DEVICE_FAMILY = "1,2";
			};
			name = Release;
		};
		0704B1162365061000C23CFA /* Debug */ = {
			isa = XCBuildConfiguration;
			buildSettings = {
				ALWAYS_EMBED_SWIFT_STANDARD_LIBRARIES = YES;
				BUNDLE_LOADER = "$(TEST_HOST)";
				CODE_SIGN_STYLE = Automatic;
				DEVELOPMENT_TEAM = 2CQZ45FYJP;
				INFOPLIST_FILE = WhatTheFoxSayTests/Info.plist;
				IPHONEOS_DEPLOYMENT_TARGET = 13.1;
				LD_RUNPATH_SEARCH_PATHS = (
					"$(inherited)",
					"@executable_path/Frameworks",
					"@loader_path/Frameworks",
				);
				PRODUCT_BUNDLE_IDENTIFIER = yastasiuk.WhatTheFoxSayTests;
				PRODUCT_NAME = "$(TARGET_NAME)";
				SWIFT_VERSION = 5.0;
				TARGETED_DEVICE_FAMILY = "1,2";
				TEST_HOST = "$(BUILT_PRODUCTS_DIR)/WhatTheFoxSay.app/WhatTheFoxSay";
			};
			name = Debug;
		};
		0704B1172365061000C23CFA /* Release */ = {
			isa = XCBuildConfiguration;
			buildSettings = {
				ALWAYS_EMBED_SWIFT_STANDARD_LIBRARIES = YES;
				BUNDLE_LOADER = "$(TEST_HOST)";
				CODE_SIGN_STYLE = Automatic;
				DEVELOPMENT_TEAM = 2CQZ45FYJP;
				INFOPLIST_FILE = WhatTheFoxSayTests/Info.plist;
				IPHONEOS_DEPLOYMENT_TARGET = 13.1;
				LD_RUNPATH_SEARCH_PATHS = (
					"$(inherited)",
					"@executable_path/Frameworks",
					"@loader_path/Frameworks",
				);
				PRODUCT_BUNDLE_IDENTIFIER = yastasiuk.WhatTheFoxSayTests;
				PRODUCT_NAME = "$(TARGET_NAME)";
				SWIFT_VERSION = 5.0;
				TARGETED_DEVICE_FAMILY = "1,2";
				TEST_HOST = "$(BUILT_PRODUCTS_DIR)/WhatTheFoxSay.app/WhatTheFoxSay";
			};
			name = Release;
		};
		0704B1192365061000C23CFA /* Debug */ = {
			isa = XCBuildConfiguration;
			buildSettings = {
				ALWAYS_EMBED_SWIFT_STANDARD_LIBRARIES = YES;
				CODE_SIGN_STYLE = Automatic;
				DEVELOPMENT_TEAM = 2CQZ45FYJP;
				INFOPLIST_FILE = WhatTheFoxSayUITests/Info.plist;
				LD_RUNPATH_SEARCH_PATHS = (
					"$(inherited)",
					"@executable_path/Frameworks",
					"@loader_path/Frameworks",
				);
				PRODUCT_BUNDLE_IDENTIFIER = yastasiuk.WhatTheFoxSayUITests;
				PRODUCT_NAME = "$(TARGET_NAME)";
				SWIFT_VERSION = 5.0;
				TARGETED_DEVICE_FAMILY = "1,2";
				TEST_TARGET_NAME = WhatTheFoxSay;
			};
			name = Debug;
		};
		0704B11A2365061000C23CFA /* Release */ = {
			isa = XCBuildConfiguration;
			buildSettings = {
				ALWAYS_EMBED_SWIFT_STANDARD_LIBRARIES = YES;
				CODE_SIGN_STYLE = Automatic;
				DEVELOPMENT_TEAM = 2CQZ45FYJP;
				INFOPLIST_FILE = WhatTheFoxSayUITests/Info.plist;
				LD_RUNPATH_SEARCH_PATHS = (
					"$(inherited)",
					"@executable_path/Frameworks",
					"@loader_path/Frameworks",
				);
				PRODUCT_BUNDLE_IDENTIFIER = yastasiuk.WhatTheFoxSayUITests;
				PRODUCT_NAME = "$(TARGET_NAME)";
				SWIFT_VERSION = 5.0;
				TARGETED_DEVICE_FAMILY = "1,2";
				TEST_TARGET_NAME = WhatTheFoxSay;
			};
			name = Release;
		};
/* End XCBuildConfiguration section */

/* Begin XCConfigurationList section */
		0704B0E32365060D00C23CFA /* Build configuration list for PBXProject "WhatTheFoxSay" */ = {
			isa = XCConfigurationList;
			buildConfigurations = (
				0704B1102365061000C23CFA /* Debug */,
				0704B1112365061000C23CFA /* Release */,
			);
			defaultConfigurationIsVisible = 0;
			defaultConfigurationName = Release;
		};
		0704B1122365061000C23CFA /* Build configuration list for PBXNativeTarget "WhatTheFoxSay" */ = {
			isa = XCConfigurationList;
			buildConfigurations = (
				0704B1132365061000C23CFA /* Debug */,
				0704B1142365061000C23CFA /* Release */,
			);
			defaultConfigurationIsVisible = 0;
			defaultConfigurationName = Release;
		};
		0704B1152365061000C23CFA /* Build configuration list for PBXNativeTarget "WhatTheFoxSayTests" */ = {
			isa = XCConfigurationList;
			buildConfigurations = (
				0704B1162365061000C23CFA /* Debug */,
				0704B1172365061000C23CFA /* Release */,
			);
			defaultConfigurationIsVisible = 0;
			defaultConfigurationName = Release;
		};
		0704B1182365061000C23CFA /* Build configuration list for PBXNativeTarget "WhatTheFoxSayUITests" */ = {
			isa = XCConfigurationList;
			buildConfigurations = (
				0704B1192365061000C23CFA /* Debug */,
				0704B11A2365061000C23CFA /* Release */,
			);
			defaultConfigurationIsVisible = 0;
			defaultConfigurationName = Release;
		};
/* End XCConfigurationList section */

/* Begin XCRemoteSwiftPackageReference section */
		0704B12723650A4D00C23CFA /* XCRemoteSwiftPackageReference "SwiftyJSON" */ = {
			isa = XCRemoteSwiftPackageReference;
			repositoryURL = "https://github.com/SwiftyJSON/SwiftyJSON";
			requirement = {
				kind = upToNextMajorVersion;
				minimumVersion = 5.0.0;
			};
		};
/* End XCRemoteSwiftPackageReference section */

/* Begin XCSwiftPackageProductDependency section */
		0704B12823650A4D00C23CFA /* SwiftyJSON */ = {
			isa = XCSwiftPackageProductDependency;
			package = 0704B12723650A4D00C23CFA /* XCRemoteSwiftPackageReference "SwiftyJSON" */;
			productName = SwiftyJSON;
		};
/* End XCSwiftPackageProductDependency section */

/* Begin XCVersionGroup section */
		0704B15623663C5F00C23CFA /* CodeData.xcdatamodeld */ = {
			isa = XCVersionGroup;
			children = (
				0704B15723663C5F00C23CFA /* CodeData.xcdatamodel */,
			);
			currentVersion = 0704B15723663C5F00C23CFA /* CodeData.xcdatamodel */;
			path = CodeData.xcdatamodeld;
			sourceTree = "<group>";
			versionGroupType = wrapper.xcdatamodel;
		};
/* End XCVersionGroup section */
	};
	rootObject = 0704B0E02365060D00C23CFA /* Project object */;
}
